
Microsoft Visual Studio Solution File, Format Version 12.00
# Visual Studio Version 17
VisualStudioVersion = 17.4.33122.133
MinimumVisualStudioVersion = 10.0.40219.1
Project("{FAE04EC0-301F-11D3-BF4B-00C04F79EFBC}") = "EmployeeLeaveProgram", "EmployeeLeaveProgram.csproj", "{4F396E4A-7758-4118-B028-3EFF87325D05}"
EndProject
Project("{FAE04EC0-301F-11D3-BF4B-00C04F79EFBC}") = "EmployeeLeaveProgram.Tests", "..\EmployeeLeaveProgram.Tests\EmployeeLeaveProgram.Tests.csproj", "{632B56AF-7BEA-4AA2-B53F-FCDACF71BB7A}"
EndProject
Global
	GlobalSection(SolutionConfigurationPlatforms) = preSolution
		Debug|Any CPU = Debug|Any CPU
		Release|Any CPU = Release|Any CPU
	EndGlobalSection
	GlobalSection(ProjectConfigurationPlatforms) = postSolution
		{4F396E4A-7758-4118-B028-3EFF87325D05}.Debug|Any CPU.ActiveCfg = Debug|Any CPU
		{4F396E4A-7758-4118-B028-3EFF87325D05}.Debug|Any CPU.Build.0 = Debug|Any CPU
		{4F396E4A-7758-4118-B028-3EFF87325D05}.Release|Any CPU.ActiveCfg = Release|Any CPU
		{4F396E4A-7758-4118-B028-3EFF87325D05}.Release|Any CPU.Build.0 = Release|Any CPU
		{632B56AF-7BEA-4AA2-B53F-FCDACF71BB7A}.Debug|Any CPU.ActiveCfg = Debug|Any CPU
		{632B56AF-7BEA-4AA2-B53F-FCDACF71BB7A}.Debug|Any CPU.Build.0 = Debug|Any CPU
		{632B56AF-7BEA-4AA2-B53F-FCDACF71BB7A}.Release|Any CPU.ActiveCfg = Release|Any CPU
		{632B56AF-7BEA-4AA2-B53F-FCDACF71BB7A}.Release|Any CPU.Build.0 = Release|Any CPU
	EndGlobalSection
	GlobalSection(SolutionProperties) = preSolution
		HideSolutionNode = FALSE
	EndGlobalSection
	GlobalSection(ExtensibilityGlobals) = postSolution
		SolutionGuid = {0D392D35-7201-4C40-BAFA-3DFADFCBC48F}
	EndGlobalSection
EndGlobal
